
Microsoft Visual Studio Solution File, Format Version 12.00
# Visual Studio 15
Project("{FAE04EC0-301F-11D3-BF4B-00C04F79EFBC}") = "Assembly-CSharp", "Assembly-CSharp.csproj", "{B7ED95EE-78DB-4887-91DD-B3F0A071AD79}"
EndProject
Project("{FAE04EC0-301F-11D3-BF4B-00C04F79EFBC}") = "Assembly-CSharp-firstpass", "Assembly-CSharp-firstpass.csproj", "{169AAAED-4A0B-C42C-2CA0-A8BB73859DDB}"
EndProject
Project("{FAE04EC0-301F-11D3-BF4B-00C04F79EFBC}") = "Assembly-CSharp-Editor", "Assembly-CSharp-Editor.csproj", "{8583D630-DFC9-2637-9D17-0370C2A5A84D}"
EndProject
Project("{FAE04EC0-301F-11D3-BF4B-00C04F79EFBC}") = "Assembly-CSharp-Editor-firstpass", "Assembly-CSharp-Editor-firstpass.csproj", "{69D218B8-DD09-8FA9-5950-B521DA4FF457}"
EndProject
Global
	GlobalSection(SolutionConfigurationPlatforms) = preSolution
		Debug|Any CPU = Debug|Any CPU
		Release|Any CPU = Release|Any CPU
	EndGlobalSection
	GlobalSection(ProjectConfigurationPlatforms) = postSolution
		{B7ED95EE-78DB-4887-91DD-B3F0A071AD79}.Debug|Any CPU.ActiveCfg = Debug|Any CPU
		{B7ED95EE-78DB-4887-91DD-B3F0A071AD79}.Debug|Any CPU.Build.0 = Debug|Any CPU
		{B7ED95EE-78DB-4887-91DD-B3F0A071AD79}.Release|Any CPU.ActiveCfg = Release|Any CPU
		{B7ED95EE-78DB-4887-91DD-B3F0A071AD79}.Release|Any CPU.Build.0 = Release|Any CPU
		{169AAAED-4A0B-C42C-2CA0-A8BB73859DDB}.Debug|Any CPU.ActiveCfg = Debug|Any CPU
		{169AAAED-4A0B-C42C-2CA0-A8BB73859DDB}.Debug|Any CPU.Build.0 = Debug|Any CPU
		{169AAAED-4A0B-C42C-2CA0-A8BB73859DDB}.Release|Any CPU.ActiveCfg = Release|Any CPU
		{169AAAED-4A0B-C42C-2CA0-A8BB73859DDB}.Release|Any CPU.Build.0 = Release|Any CPU
		{8583D630-DFC9-2637-9D17-0370C2A5A84D}.Debug|Any CPU.ActiveCfg = Debug|Any CPU
		{8583D630-DFC9-2637-9D17-0370C2A5A84D}.Debug|Any CPU.Build.0 = Debug|Any CPU
		{8583D630-DFC9-2637-9D17-0370C2A5A84D}.Release|Any CPU.ActiveCfg = Release|Any CPU
		{8583D630-DFC9-2637-9D17-0370C2A5A84D}.Release|Any CPU.Build.0 = Release|Any CPU
		{69D218B8-DD09-8FA9-5950-B521DA4FF457}.Debug|Any CPU.ActiveCfg = Debug|Any CPU
		{69D218B8-DD09-8FA9-5950-B521DA4FF457}.Debug|Any CPU.Build.0 = Debug|Any CPU
		{69D218B8-DD09-8FA9-5950-B521DA4FF457}.Release|Any CPU.ActiveCfg = Release|Any CPU
		{69D218B8-DD09-8FA9-5950-B521DA4FF457}.Release|Any CPU.Build.0 = Release|Any CPU
	EndGlobalSection
	GlobalSection(SolutionProperties) = preSolution
		HideSolutionNode = FALSE
	EndGlobalSection
EndGlobal
